{
  "name": "physicsballs",
  "version": "1.0.0",
  "lockfileVersion": 2,
  "requires": true,
  "packages": {
    "": {
      "name": "physicsballs",
      "version": "1.0.0",
      "license": "ISC",
      "dependencies": {
        "matter-js": "^0.17.1"
      }
    },
    "node_modules/matter-js": {
      "version": "0.17.1",
      "resolved": "https://registry.npmjs.org/matter-js/-/matter-js-0.17.1.tgz",
      "integrity": "sha512-pSquoENJgvSAlQGcA0s5UkmEohGXZaUww2g3B6qG87x0iEcVf+aigMXn5UkFPdnh6w3B+C4vXSLaYqhHwKrOLA=="
    }
  },
  "dependencies": {
    "matter-js": {
      "version": "0.17.1",
      "resolved": "https://registry.npmjs.org/matter-js/-/matter-js-0.17.1.tgz",
      "integrity": "sha512-pSquoENJgvSAlQGcA0s5UkmEohGXZaUww2g3B6qG87x0iEcVf+aigMXn5UkFPdnh6w3B+C4vXSLaYqhHwKrOLA=="
    }
  }
}
